
Microsoft Visual Studio Solution File, Format Version 12.00
# Visual Studio Version 16
VisualStudioVersion = 16.0.30907.101
MinimumVisualStudioVersion = 10.0.40219.1
Project("{FAE04EC0-301F-11D3-BF4B-00C04F79EFBC}") = "Entities", "Entities\Entities.csproj", "{79E8D8C0-F503-42AC-BEA7-D3AA5CE07091}"
EndProject
Project("{FAE04EC0-301F-11D3-BF4B-00C04F79EFBC}") = "ConsoleUI", "ConsoleUI\ConsoleUI.csproj", "{9C11DF40-025B-4B78-9D0D-513D2F113FA0}"
EndProject
Project("{FAE04EC0-301F-11D3-BF4B-00C04F79EFBC}") = "DataAccess", "DataAccess\DataAccess.csproj", "{01206AD7-F38E-4167-9B95-82BE33B1C0F8}"
EndProject
Project("{FAE04EC0-301F-11D3-BF4B-00C04F79EFBC}") = "Business", "Business\Business.csproj", "{88ED948C-9620-47C9-910F-55A481D2FBEA}"
EndProject
Global
	GlobalSection(SolutionConfigurationPlatforms) = preSolution
		Debug|Any CPU = Debug|Any CPU
		Release|Any CPU = Release|Any CPU
	EndGlobalSection
	GlobalSection(ProjectConfigurationPlatforms) = postSolution
		{79E8D8C0-F503-42AC-BEA7-D3AA5CE07091}.Debug|Any CPU.ActiveCfg = Debug|Any CPU
		{79E8D8C0-F503-42AC-BEA7-D3AA5CE07091}.Debug|Any CPU.Build.0 = Debug|Any CPU
		{79E8D8C0-F503-42AC-BEA7-D3AA5CE07091}.Release|Any CPU.ActiveCfg = Release|Any CPU
		{79E8D8C0-F503-42AC-BEA7-D3AA5CE07091}.Release|Any CPU.Build.0 = Release|Any CPU
		{9C11DF40-025B-4B78-9D0D-513D2F113FA0}.Debug|Any CPU.ActiveCfg = Debug|Any CPU
		{9C11DF40-025B-4B78-9D0D-513D2F113FA0}.Debug|Any CPU.Build.0 = Debug|Any CPU
		{9C11DF40-025B-4B78-9D0D-513D2F113FA0}.Release|Any CPU.ActiveCfg = Release|Any CPU
		{9C11DF40-025B-4B78-9D0D-513D2F113FA0}.Release|Any CPU.Build.0 = Release|Any CPU
		{01206AD7-F38E-4167-9B95-82BE33B1C0F8}.Debug|Any CPU.ActiveCfg = Debug|Any CPU
		{01206AD7-F38E-4167-9B95-82BE33B1C0F8}.Debug|Any CPU.Build.0 = Debug|Any CPU
		{01206AD7-F38E-4167-9B95-82BE33B1C0F8}.Release|Any CPU.ActiveCfg = Release|Any CPU
		{01206AD7-F38E-4167-9B95-82BE33B1C0F8}.Release|Any CPU.Build.0 = Release|Any CPU
		{88ED948C-9620-47C9-910F-55A481D2FBEA}.Debug|Any CPU.ActiveCfg = Debug|Any CPU
		{88ED948C-9620-47C9-910F-55A481D2FBEA}.Debug|Any CPU.Build.0 = Debug|Any CPU
		{88ED948C-9620-47C9-910F-55A481D2FBEA}.Release|Any CPU.ActiveCfg = Release|Any CPU
		{88ED948C-9620-47C9-910F-55A481D2FBEA}.Release|Any CPU.Build.0 = Release|Any CPU
	EndGlobalSection
	GlobalSection(SolutionProperties) = preSolution
		HideSolutionNode = FALSE
	EndGlobalSection
	GlobalSection(ExtensibilityGlobals) = postSolution
		SolutionGuid = {54176A0C-E92D-46D3-9F64-0055292CDA75}
	EndGlobalSection
EndGlobal
